
Microsoft Visual Studio Solution File, Format Version 12.00
# Visual Studio Version 17
VisualStudioVersion = 17.4.33205.214
MinimumVisualStudioVersion = 10.0.40219.1
Project("{FAE04EC0-301F-11D3-BF4B-00C04F79EFBC}") = "OOP", "OOP\OOP.csproj", "{F76B372B-FF0D-4D27-B7DB-77B991559EAA}"
EndProject
Project("{FAE04EC0-301F-11D3-BF4B-00C04F79EFBC}") = "Ogrenci", "Ogrenci\Ogrenci.csproj", "{2CFBB5F8-EE29-4FED-B8A2-79D964D94026}"
EndProject
Project("{FAE04EC0-301F-11D3-BF4B-00C04F79EFBC}") = "RestMenu", "RestMenu\RestMenu.csproj", "{DD4D9741-A178-4C3D-BFB1-95C24F9812C9}"
EndProject
Global
	GlobalSection(SolutionConfigurationPlatforms) = preSolution
		Debug|Any CPU = Debug|Any CPU
		Release|Any CPU = Release|Any CPU
	EndGlobalSection
	GlobalSection(ProjectConfigurationPlatforms) = postSolution
		{F76B372B-FF0D-4D27-B7DB-77B991559EAA}.Debug|Any CPU.ActiveCfg = Debug|Any CPU
		{F76B372B-FF0D-4D27-B7DB-77B991559EAA}.Debug|Any CPU.Build.0 = Debug|Any CPU
		{F76B372B-FF0D-4D27-B7DB-77B991559EAA}.Release|Any CPU.ActiveCfg = Release|Any CPU
		{F76B372B-FF0D-4D27-B7DB-77B991559EAA}.Release|Any CPU.Build.0 = Release|Any CPU
		{2CFBB5F8-EE29-4FED-B8A2-79D964D94026}.Debug|Any CPU.ActiveCfg = Debug|Any CPU
		{2CFBB5F8-EE29-4FED-B8A2-79D964D94026}.Debug|Any CPU.Build.0 = Debug|Any CPU
		{2CFBB5F8-EE29-4FED-B8A2-79D964D94026}.Release|Any CPU.ActiveCfg = Release|Any CPU
		{2CFBB5F8-EE29-4FED-B8A2-79D964D94026}.Release|Any CPU.Build.0 = Release|Any CPU
		{DD4D9741-A178-4C3D-BFB1-95C24F9812C9}.Debug|Any CPU.ActiveCfg = Debug|Any CPU
		{DD4D9741-A178-4C3D-BFB1-95C24F9812C9}.Debug|Any CPU.Build.0 = Debug|Any CPU
		{DD4D9741-A178-4C3D-BFB1-95C24F9812C9}.Release|Any CPU.ActiveCfg = Release|Any CPU
		{DD4D9741-A178-4C3D-BFB1-95C24F9812C9}.Release|Any CPU.Build.0 = Release|Any CPU
	EndGlobalSection
	GlobalSection(SolutionProperties) = preSolution
		HideSolutionNode = FALSE
	EndGlobalSection
	GlobalSection(ExtensibilityGlobals) = postSolution
		SolutionGuid = {DA73BDBD-131D-4B6F-BB99-EA187B240B2E}
	EndGlobalSection
EndGlobal
